version = 1
revision = 1
requires-python = ">=3.11"

[[package]]
name = "cbor2"
version = "5.6.5"
source = { registry = "https://pypi.org/simple" }
sdist = { url = "https://files.pythonhosted.org/packages/e4/aa/ba55b47d51d27911981a18743b4d3cebfabccbb0598c09801b734cec4184/cbor2-5.6.5.tar.gz", hash = "sha256:b682820677ee1dbba45f7da11898d2720f92e06be36acec290867d5ebf3d7e09", size = 100886 }
wheels = [
    { url = "https://files.pythonhosted.org/packages/bd/b7/ef045245180510305648fd604244d3bb1ecf1b20de68f42ab5bc20198024/cbor2-5.6.5-cp311-cp311-macosx_10_9_x86_64.whl", hash = "sha256:863e0983989d56d5071270790e7ed8ddbda88c9e5288efdb759aba2efee670bc", size = 66452 },
    { url = "https://files.pythonhosted.org/packages/41/20/5a9d93f86b1e8fd9d9db33aff39c0e3a8459e0803ec24bd837d8b56d4a1d/cbor2-5.6.5-cp311-cp311-macosx_11_0_arm64.whl", hash = "sha256:5cff06464b8f4ca6eb9abcba67bda8f8334a058abc01005c8e616728c387ad32", size = 67421 },
    { url = "https://files.pythonhosted.org/packages/0f/1e/2010f6d02dd117df88df64baf3eeca6aa6614cc81bdd6bfabf615889cf1f/cbor2-5.6.5-cp311-cp311-manylinux_2_17_aarch64.manylinux2014_aarch64.whl", hash = "sha256:f4c7dbcdc59ea7f5a745d3e30ee5e6b6ff5ce7ac244aa3de6786391b10027bb3", size = 260756 },
    { url = "https://files.pythonhosted.org/packages/e1/84/e177d9bef4749d14f31c513b25e341ac84e403e2ffa2bde562eac9e6184b/cbor2-5.6.5-cp311-cp311-manylinux_2_17_x86_64.manylinux2014_x86_64.whl", hash = "sha256:34cf5ab0dc310c3d0196caa6ae062dc09f6c242e2544bea01691fe60c0230596", size = 249210 },
    { url = "https://files.pythonhosted.org/packages/38/75/ebfdbb281104b46419fe7cb65979de9927b75acebcb6afa0af291f728cd2/cbor2-5.6.5-cp311-cp311-musllinux_1_2_aarch64.whl", hash = "sha256:6797b824b26a30794f2b169c0575301ca9b74ae99064e71d16e6ba0c9057de51", size = 249138 },
    { url = "https://files.pythonhosted.org/packages/b2/1e/12d887fb1a8227a16181eeec5d43057e251204626d73e1c20a77046ac1b1/cbor2-5.6.5-cp311-cp311-musllinux_1_2_x86_64.whl", hash = "sha256:73b9647eed1493097db6aad61e03d8f1252080ee041a1755de18000dd2c05f37", size = 247156 },
    { url = "https://files.pythonhosted.org/packages/6f/76/478c12193de9517ce691bb8a3f7c00eafdd6a1bc3f7f23282ecdd99d02ec/cbor2-5.6.5-cp311-cp311-win_amd64.whl", hash = "sha256:6e14a1bf6269d25e02ef1d4008e0ce8880aa271d7c6b4c329dba48645764f60e", size = 66319 },
    { url = "https://files.pythonhosted.org/packages/57/af/84ced14c541451696825b7b8ccbb7668f688372ad8ee74aaca4311e79672/cbor2-5.6.5-cp312-cp312-macosx_10_13_x86_64.whl", hash = "sha256:e25c2aebc9db99af7190e2261168cdde8ed3d639ca06868e4f477cf3a228a8e9", size = 67553 },
    { url = "https://files.pythonhosted.org/packages/f2/d6/f63a840c68fed4de67d5441947af2dc695152cc488bb0e57312832fb923a/cbor2-5.6.5-cp312-cp312-macosx_11_0_arm64.whl", hash = "sha256:fde21ac1cf29336a31615a2c469a9cb03cf0add3ae480672d4d38cda467d07fc", size = 67569 },
    { url = "https://files.pythonhosted.org/packages/77/ac/5fb79db6e882ec29680f4a974d35c098020a1b4709cad077667a8c3f4676/cbor2-5.6.5-cp312-cp312-manylinux_2_17_aarch64.manylinux2014_aarch64.whl", hash = "sha256:a8947c102cac79d049eadbd5e2ffb8189952890df7cbc3ee262bbc2f95b011a9", size = 276610 },
    { url = "https://files.pythonhosted.org/packages/cf/cb/70751377d94112001d46c311b5c40b45f34863dfa78a6bc71b71f40c8c7f/cbor2-5.6.5-cp312-cp312-manylinux_2_17_x86_64.manylinux2014_x86_64.whl", hash = "sha256:38886c41bebcd7dca57739439455bce759f1e4c551b511f618b8e9c1295b431b", size = 270004 },
    { url = "https://files.pythonhosted.org/packages/f1/90/08800367e920aef31b93bd7b0cd6fadcb3a3f2243f4ed77a0d1c76f22b99/cbor2-5.6.5-cp312-cp312-musllinux_1_2_aarch64.whl", hash = "sha256:ae2b49226224e92851c333b91d83292ec62eba53a19c68a79890ce35f1230d70", size = 264913 },
    { url = "https://files.pythonhosted.org/packages/a8/9c/76b11a5ea7548bccb0dfef3e8fb3ede48bfeb39348f0c217519e0c40d33a/cbor2-5.6.5-cp312-cp312-musllinux_1_2_x86_64.whl", hash = "sha256:f2764804ffb6553283fc4afb10a280715905a4cea4d6dc7c90d3e89c4a93bc8d", size = 266751 },
    { url = "https://files.pythonhosted.org/packages/10/18/3866693a87c90cb12f7942e791d0f03a40ba44887dde7b7fc85319647efe/cbor2-5.6.5-cp312-cp312-win_amd64.whl", hash = "sha256:a3ac50485cf67dfaab170a3e7b527630e93cb0a6af8cdaa403054215dff93adf", size = 66739 },
    { url = "https://files.pythonhosted.org/packages/2b/69/77e93caae71d1baee927c9762e702c464715d88073133052c74ecc9d37d4/cbor2-5.6.5-cp313-cp313-macosx_10_13_x86_64.whl", hash = "sha256:f0d0a9c5aabd48ecb17acf56004a7542a0b8d8212be52f3102b8218284bd881e", size = 67647 },
    { url = "https://files.pythonhosted.org/packages/84/83/cb941d4fd10e4696b2c0f6fb2e3056d9a296e5765b2000a69e29a507f819/cbor2-5.6.5-cp313-cp313-macosx_11_0_arm64.whl", hash = "sha256:61ceb77e6aa25c11c814d4fe8ec9e3bac0094a1f5bd8a2a8c95694596ea01e08", size = 67657 },
    { url = "https://files.pythonhosted.org/packages/5c/3f/e16a1e29994483c751b714cdf61d2956290b0b30e94690fa714a9f155c5c/cbor2-5.6.5-cp313-cp313-manylinux_2_17_aarch64.manylinux2014_aarch64.whl", hash = "sha256:97a7e409b864fecf68b2ace8978eb5df1738799a333ec3ea2b9597bfcdd6d7d2", size = 275863 },
    { url = "https://files.pythonhosted.org/packages/64/04/f64bda3eea649fe6644c59f13d0e1f4666d975ce305cadf13835233b2a26/cbor2-5.6.5-cp313-cp313-manylinux_2_17_x86_64.manylinux2014_x86_64.whl", hash = "sha256:7f6d69f38f7d788b04c09ef2b06747536624b452b3c8b371ab78ad43b0296fab", size = 269131 },
    { url = "https://files.pythonhosted.org/packages/f4/8d/0d5ad3467f70578b032b3f52eb0f01f0327d5ae6b1f9e7d4d4e01a73aa95/cbor2-5.6.5-cp313-cp313-musllinux_1_2_aarch64.whl", hash = "sha256:f91e6d74fa6917df31f8757fdd0e154203b0dd0609ec53eb957016a2b474896a", size = 264728 },
    { url = "https://files.pythonhosted.org/packages/77/cb/9b4f7890325eaa374c21fcccfee61a099ccb9ea0bc0f606acf7495f9568c/cbor2-5.6.5-cp313-cp313-musllinux_1_2_x86_64.whl", hash = "sha256:5ce13a27ef8fddf643fc17a753fe34aa72b251d03c23da6a560c005dc171085b", size = 266314 },
    { url = "https://files.pythonhosted.org/packages/a8/cd/793dc041395609f5dd1edfdf0aecde504dc0fd35ed67eb3b2db79fb8ef4d/cbor2-5.6.5-cp313-cp313-win_amd64.whl", hash = "sha256:54c72a3207bb2d4480c2c39dad12d7971ce0853a99e3f9b8d559ce6eac84f66f", size = 66792 },
    { url = "https://files.pythonhosted.org/packages/9b/ef/1c4698cac96d792005ef0611832f38eaee477c275ab4b02cbfc4daba7ad3/cbor2-5.6.5-py3-none-any.whl", hash = "sha256:3038523b8fc7de312bb9cdcbbbd599987e64307c4db357cd2030c472a6c7d468", size = 23752 },
]

[[package]]
name = "cffi"
version = "1.17.1"
source = { registry = "https://pypi.org/simple" }
dependencies = [
    { name = "pycparser" },
]
sdist = { url = "https://files.pythonhosted.org/packages/fc/97/c783634659c2920c3fc70419e3af40972dbaf758daa229a7d6ea6135c90d/cffi-1.17.1.tar.gz", hash = "sha256:1c39c6016c32bc48dd54561950ebd6836e1670f2ae46128f67cf49e789c52824", size = 516621 }
wheels = [
    { url = "https://files.pythonhosted.org/packages/6b/f4/927e3a8899e52a27fa57a48607ff7dc91a9ebe97399b357b85a0c7892e00/cffi-1.17.1-cp311-cp311-macosx_10_9_x86_64.whl", hash = "sha256:a45e3c6913c5b87b3ff120dcdc03f6131fa0065027d0ed7ee6190736a74cd401", size = 182264 },
    { url = "https://files.pythonhosted.org/packages/6c/f5/6c3a8efe5f503175aaddcbea6ad0d2c96dad6f5abb205750d1b3df44ef29/cffi-1.17.1-cp311-cp311-macosx_11_0_arm64.whl", hash = "sha256:30c5e0cb5ae493c04c8b42916e52ca38079f1b235c2f8ae5f4527b963c401caf", size = 178651 },
    { url = "https://files.pythonhosted.org/packages/94/dd/a3f0118e688d1b1a57553da23b16bdade96d2f9bcda4d32e7d2838047ff7/cffi-1.17.1-cp311-cp311-manylinux_2_12_i686.manylinux2010_i686.manylinux_2_17_i686.manylinux2014_i686.whl", hash = "sha256:f75c7ab1f9e4aca5414ed4d8e5c0e303a34f4421f8a0d47a4d019ceff0ab6af4", size = 445259 },
    { url = "https://files.pythonhosted.org/packages/2e/ea/70ce63780f096e16ce8588efe039d3c4f91deb1dc01e9c73a287939c79a6/cffi-1.17.1-cp311-cp311-manylinux_2_17_aarch64.manylinux2014_aarch64.whl", hash = "sha256:a1ed2dd2972641495a3ec98445e09766f077aee98a1c896dcb4ad0d303628e41", size = 469200 },
    { url = "https://files.pythonhosted.org/packages/1c/a0/a4fa9f4f781bda074c3ddd57a572b060fa0df7655d2a4247bbe277200146/cffi-1.17.1-cp311-cp311-manylinux_2_17_ppc64le.manylinux2014_ppc64le.whl", hash = "sha256:46bf43160c1a35f7ec506d254e5c890f3c03648a4dbac12d624e4490a7046cd1", size = 477235 },
    { url = "https://files.pythonhosted.org/packages/62/12/ce8710b5b8affbcdd5c6e367217c242524ad17a02fe5beec3ee339f69f85/cffi-1.17.1-cp311-cp311-manylinux_2_17_s390x.manylinux2014_s390x.whl", hash = "sha256:a24ed04c8ffd54b0729c07cee15a81d964e6fee0e3d4d342a27b020d22959dc6", size = 459721 },
    { url = "https://files.pythonhosted.org/packages/ff/6b/d45873c5e0242196f042d555526f92aa9e0c32355a1be1ff8c27f077fd37/cffi-1.17.1-cp311-cp311-manylinux_2_17_x86_64.manylinux2014_x86_64.whl", hash = "sha256:610faea79c43e44c71e1ec53a554553fa22321b65fae24889706c0a84d4ad86d", size = 467242 },
    { url = "https://files.pythonhosted.org/packages/1a/52/d9a0e523a572fbccf2955f5abe883cfa8bcc570d7faeee06336fbd50c9fc/cffi-1.17.1-cp311-cp311-musllinux_1_1_aarch64.whl", hash = "sha256:a9b15d491f3ad5d692e11f6b71f7857e7835eb677955c00cc0aefcd0669adaf6", size = 477999 },
    { url = "https://files.pythonhosted.org/packages/44/74/f2a2460684a1a2d00ca799ad880d54652841a780c4c97b87754f660c7603/cffi-1.17.1-cp311-cp311-musllinux_1_1_i686.whl", hash = "sha256:de2ea4b5833625383e464549fec1bc395c1bdeeb5f25c4a3a82b5a8c756ec22f", size = 454242 },
    { url = "https://files.pythonhosted.org/packages/f8/4a/34599cac7dfcd888ff54e801afe06a19c17787dfd94495ab0c8d35fe99fb/cffi-1.17.1-cp311-cp311-musllinux_1_1_x86_64.whl", hash = "sha256:fc48c783f9c87e60831201f2cce7f3b2e4846bf4d8728eabe54d60700b318a0b", size = 478604 },
    { url = "https://files.pythonhosted.org/packages/34/33/e1b8a1ba29025adbdcda5fb3a36f94c03d771c1b7b12f726ff7fef2ebe36/cffi-1.17.1-cp311-cp311-win32.whl", hash = "sha256:85a950a4ac9c359340d5963966e3e0a94a676bd6245a4b55bc43949eee26a655", size = 171727 },
    { url = "https://files.pythonhosted.org/packages/3d/97/50228be003bb2802627d28ec0627837ac0bf35c90cf769812056f235b2d1/cffi-1.17.1-cp311-cp311-win_amd64.whl", hash = "sha256:caaf0640ef5f5517f49bc275eca1406b0ffa6aa184892812030f04c2abf589a0", size = 181400 },
    { url = "https://files.pythonhosted.org/packages/5a/84/e94227139ee5fb4d600a7a4927f322e1d4aea6fdc50bd3fca8493caba23f/cffi-1.17.1-cp312-cp312-macosx_10_9_x86_64.whl", hash = "sha256:805b4371bf7197c329fcb3ead37e710d1bca9da5d583f5073b799d5c5bd1eee4", size = 183178 },
    { url = "https://files.pythonhosted.org/packages/da/ee/fb72c2b48656111c4ef27f0f91da355e130a923473bf5ee75c5643d00cca/cffi-1.17.1-cp312-cp312-macosx_11_0_arm64.whl", hash = "sha256:733e99bc2df47476e3848417c5a4540522f234dfd4ef3ab7fafdf555b082ec0c", size = 178840 },
    { url = "https://files.pythonhosted.org/packages/cc/b6/db007700f67d151abadf508cbfd6a1884f57eab90b1bb985c4c8c02b0f28/cffi-1.17.1-cp312-cp312-manylinux_2_12_i686.manylinux2010_i686.manylinux_2_17_i686.manylinux2014_i686.whl", hash = "sha256:1257bdabf294dceb59f5e70c64a3e2f462c30c7ad68092d01bbbfb1c16b1ba36", size = 454803 },
    { url = "https://files.pythonhosted.org/packages/1a/df/f8d151540d8c200eb1c6fba8cd0dfd40904f1b0682ea705c36e6c2e97ab3/cffi-1.17.1-cp312-cp312-manylinux_2_17_aarch64.manylinux2014_aarch64.whl", hash = "sha256:da95af8214998d77a98cc14e3a3bd00aa191526343078b530ceb0bd710fb48a5", size = 478850 },
    { url = "https://files.pythonhosted.org/packages/28/c0/b31116332a547fd2677ae5b78a2ef662dfc8023d67f41b2a83f7c2aa78b1/cffi-1.17.1-cp312-cp312-manylinux_2_17_ppc64le.manylinux2014_ppc64le.whl", hash = "sha256:d63afe322132c194cf832bfec0dc69a99fb9bb6bbd550f161a49e9e855cc78ff", size = 485729 },
    { url = "https://files.pythonhosted.org/packages/91/2b/9a1ddfa5c7f13cab007a2c9cc295b70fbbda7cb10a286aa6810338e60ea1/cffi-1.17.1-cp312-cp312-manylinux_2_17_s390x.manylinux2014_s390x.whl", hash = "sha256:f79fc4fc25f1c8698ff97788206bb3c2598949bfe0fef03d299eb1b5356ada99", size = 471256 },
    { url = "https://files.pythonhosted.org/packages/b2/d5/da47df7004cb17e4955df6a43d14b3b4ae77737dff8bf7f8f333196717bf/cffi-1.17.1-cp312-cp312-manylinux_2_17_x86_64.manylinux2014_x86_64.whl", hash = "sha256:b62ce867176a75d03a665bad002af8e6d54644fad99a3c70905c543130e39d93", size = 479424 },
    { url = "https://files.pythonhosted.org/packages/0b/ac/2a28bcf513e93a219c8a4e8e125534f4f6db03e3179ba1c45e949b76212c/cffi-1.17.1-cp312-cp312-musllinux_1_1_aarch64.whl", hash = "sha256:386c8bf53c502fff58903061338ce4f4950cbdcb23e2902d86c0f722b786bbe3", size = 484568 },
    { url = "https://files.pythonhosted.org/packages/d4/38/ca8a4f639065f14ae0f1d9751e70447a261f1a30fa7547a828ae08142465/cffi-1.17.1-cp312-cp312-musllinux_1_1_x86_64.whl", hash = "sha256:4ceb10419a9adf4460ea14cfd6bc43d08701f0835e979bf821052f1805850fe8", size = 488736 },
    { url = "https://files.pythonhosted.org/packages/86/c5/28b2d6f799ec0bdecf44dced2ec5ed43e0eb63097b0f58c293583b406582/cffi-1.17.1-cp312-cp312-win32.whl", hash = "sha256:a08d7e755f8ed21095a310a693525137cfe756ce62d066e53f502a83dc550f65", size = 172448 },
    { url = "https://files.pythonhosted.org/packages/50/b9/db34c4755a7bd1cb2d1603ac3863f22bcecbd1ba29e5ee841a4bc510b294/cffi-1.17.1-cp312-cp312-win_amd64.whl", hash = "sha256:51392eae71afec0d0c8fb1a53b204dbb3bcabcb3c9b807eedf3e1e6ccf2de903", size = 181976 },
    { url = "https://files.pythonhosted.org/packages/8d/f8/dd6c246b148639254dad4d6803eb6a54e8c85c6e11ec9df2cffa87571dbe/cffi-1.17.1-cp313-cp313-macosx_10_13_x86_64.whl", hash = "sha256:f3a2b4222ce6b60e2e8b337bb9596923045681d71e5a082783484d845390938e", size = 182989 },
    { url = "https://files.pythonhosted.org/packages/8b/f1/672d303ddf17c24fc83afd712316fda78dc6fce1cd53011b839483e1ecc8/cffi-1.17.1-cp313-cp313-macosx_11_0_arm64.whl", hash = "sha256:0984a4925a435b1da406122d4d7968dd861c1385afe3b45ba82b750f229811e2", size = 178802 },
    { url = "https://files.pythonhosted.org/packages/0e/2d/eab2e858a91fdff70533cab61dcff4a1f55ec60425832ddfdc9cd36bc8af/cffi-1.17.1-cp313-cp313-manylinux_2_12_i686.manylinux2010_i686.manylinux_2_17_i686.manylinux2014_i686.whl", hash = "sha256:d01b12eeeb4427d3110de311e1774046ad344f5b1a7403101878976ecd7a10f3", size = 454792 },
    { url = "https://files.pythonhosted.org/packages/75/b2/fbaec7c4455c604e29388d55599b99ebcc250a60050610fadde58932b7ee/cffi-1.17.1-cp313-cp313-manylinux_2_17_aarch64.manylinux2014_aarch64.whl", hash = "sha256:706510fe141c86a69c8ddc029c7910003a17353970cff3b904ff0686a5927683", size = 478893 },
    { url = "https://files.pythonhosted.org/packages/4f/b7/6e4a2162178bf1935c336d4da8a9352cccab4d3a5d7914065490f08c0690/cffi-1.17.1-cp313-cp313-manylinux_2_17_ppc64le.manylinux2014_ppc64le.whl", hash = "sha256:de55b766c7aa2e2a3092c51e0483d700341182f08e67c63630d5b6f200bb28e5", size = 485810 },
    { url = "https://files.pythonhosted.org/packages/c7/8a/1d0e4a9c26e54746dc08c2c6c037889124d4f59dffd853a659fa545f1b40/cffi-1.17.1-cp313-cp313-manylinux_2_17_s390x.manylinux2014_s390x.whl", hash = "sha256:c59d6e989d07460165cc5ad3c61f9fd8f1b4796eacbd81cee78957842b834af4", size = 471200 },
    { url = "https://files.pythonhosted.org/packages/26/9f/1aab65a6c0db35f43c4d1b4f580e8df53914310afc10ae0397d29d697af4/cffi-1.17.1-cp313-cp313-manylinux_2_17_x86_64.manylinux2014_x86_64.whl", hash = "sha256:dd398dbc6773384a17fe0d3e7eeb8d1a21c2200473ee6806bb5e6a8e62bb73dd", size = 479447 },
    { url = "https://files.pythonhosted.org/packages/5f/e4/fb8b3dd8dc0e98edf1135ff067ae070bb32ef9d509d6cb0f538cd6f7483f/cffi-1.17.1-cp313-cp313-musllinux_1_1_aarch64.whl", hash = "sha256:3edc8d958eb099c634dace3c7e16560ae474aa3803a5df240542b305d14e14ed", size = 484358 },
    { url = "https://files.pythonhosted.org/packages/f1/47/d7145bf2dc04684935d57d67dff9d6d795b2ba2796806bb109864be3a151/cffi-1.17.1-cp313-cp313-musllinux_1_1_x86_64.whl", hash = "sha256:72e72408cad3d5419375fc87d289076ee319835bdfa2caad331e377589aebba9", size = 488469 },
    { url = "https://files.pythonhosted.org/packages/bf/ee/f94057fa6426481d663b88637a9a10e859e492c73d0384514a17d78ee205/cffi-1.17.1-cp313-cp313-win32.whl", hash = "sha256:e03eab0a8677fa80d646b5ddece1cbeaf556c313dcfac435ba11f107ba117b5d", size = 172475 },
    { url = "https://files.pythonhosted.org/packages/7c/fc/6a8cb64e5f0324877d503c854da15d76c1e50eb722e320b15345c4d0c6de/cffi-1.17.1-cp313-cp313-win_amd64.whl", hash = "sha256:f6a16c31041f09ead72d69f583767292f750d24913dadacf5756b966aacb3f1a", size = 182009 },
]

[[package]]
name = "py"
version = "0.1.0"
source = { virtual = "." }
dependencies = [
    { name = "cbor2" },
    { name = "pynng" },
]

[package.metadata]
requires-dist = [
    { name = "cbor2", specifier = ">=5.6.5" },
    { name = "pynng", specifier = ">=0.8.1" },
]

[[package]]
name = "pycparser"
version = "2.22"
source = { registry = "https://pypi.org/simple" }
sdist = { url = "https://files.pythonhosted.org/packages/1d/b2/31537cf4b1ca988837256c910a668b553fceb8f069bedc4b1c826024b52c/pycparser-2.22.tar.gz", hash = "sha256:491c8be9c040f5390f5bf44a5b07752bd07f56edf992381b05c701439eec10f6", size = 172736 }
wheels = [
    { url = "https://files.pythonhosted.org/packages/13/a3/a812df4e2dd5696d1f351d58b8fe16a405b234ad2886a0dab9183fb78109/pycparser-2.22-py3-none-any.whl", hash = "sha256:c3702b6d3dd8c7abc1afa565d7e63d53a1d0bd86cdc24edd75470f4de499cfcc", size = 117552 },
]

[[package]]
name = "pynng"
version = "0.8.1"
source = { registry = "https://pypi.org/simple" }
dependencies = [
    { name = "cffi" },
    { name = "sniffio" },
]
sdist = { url = "https://files.pythonhosted.org/packages/d4/8c/23141a4b94fdb69c72fe54734a5da192ecbaf5c4965ba6d3a753e6a8ac34/pynng-0.8.1.tar.gz", hash = "sha256:60165f34bdf501885e0acceaeed79bc35a57f3ca3c913cb38c14919b9bd3656f", size = 6364925 }
wheels = [
    { url = "https://files.pythonhosted.org/packages/c4/52/6e4f578abfddde63d6bfe4915ca94ecdfd24215a30eefcd22190d2ee0474/pynng-0.8.1-cp311-cp311-macosx_10_9_universal2.whl", hash = "sha256:69b9231083c292989f60f0e6c645400ce08864d5bc0e87c61abffd0a1e5764a5", size = 1089598 },
    { url = "https://files.pythonhosted.org/packages/b4/34/6c15e10660be6cc1229948773f1c3868ace7f68f8e728e91234722fe3246/pynng-0.8.1-cp311-cp311-manylinux_2_17_i686.manylinux2014_i686.whl", hash = "sha256:3ec0b1164fc31c5a497c4c53438f8e7b181d1ee68b834c22f92770172a933346", size = 727897 },
    { url = "https://files.pythonhosted.org/packages/b5/03/6edd6cea97aa838f2ebfa81178800e5b3cd1f0e979efe01ed50f21ab8f76/pynng-0.8.1-cp311-cp311-manylinux_2_17_x86_64.manylinux2014_x86_64.whl", hash = "sha256:c3ee6a617f6179cddff25dd36df9b7c0d6b37050b08b5c990441589b58a75b14", size = 936328 },
    { url = "https://files.pythonhosted.org/packages/5e/21/c03e8c37c87ce781a61577233ba1f1b5c8da89f6638fe78e3f63a3fac067/pynng-0.8.1-cp311-cp311-musllinux_1_2_i686.whl", hash = "sha256:6d40eaddeaf3f6c3bae6c85aaa2274f3828b7303c9b0eaa5ae263ff9f96aec52", size = 736827 },
    { url = "https://files.pythonhosted.org/packages/4e/b4/661543256fc81ab024960d8dd58f01f2b80f65f6374fd5a46ef1ccccf4c8/pynng-0.8.1-cp311-cp311-musllinux_1_2_x86_64.whl", hash = "sha256:4656e541c0dd11cd9c69603de0c13edf21e41ff8e8b463168ca7bd96724c19c2", size = 939704 },
    { url = "https://files.pythonhosted.org/packages/19/fb/86a9530f2ca1f1154f10b83607ca72b42716f9a2d4fbb46f039ff0b3c38d/pynng-0.8.1-cp311-cp311-win32.whl", hash = "sha256:1200af4d2f19c6d26e8742fff7fcede389b5ea1b54b8da48699d2d5562c6b185", size = 370599 },
    { url = "https://files.pythonhosted.org/packages/8e/e3/63ab15b96be4e61be4d563b78eb716be433afb68871b82cdc7ab0a579037/pynng-0.8.1-cp311-cp311-win_amd64.whl", hash = "sha256:b4e271538ed0dd029f2166b633084691eca10fe0d7f2b579db8e1a72f8b8011e", size = 450217 },
    { url = "https://files.pythonhosted.org/packages/7a/b7/243a4e919b2e58cb21ba3e39b9d139e6a58158e944a03b78304b0d2b2881/pynng-0.8.1-cp312-cp312-macosx_10_13_universal2.whl", hash = "sha256:df13ffa5a4953b85ed43c252f5e6a00b7791faa22b9d3040e0546d878fc921a4", size = 1089916 },
    { url = "https://files.pythonhosted.org/packages/cb/9e/d7c10e38ddaa7a2e3f59cd3a5d2b3978f28d7e3f5ae1167c9555e35f1c48/pynng-0.8.1-cp312-cp312-manylinux_2_17_i686.manylinux2014_i686.whl", hash = "sha256:2fb8d43c23e9668fb3db3992b98b7364c2991027a79d6e66af850d70820a631c", size = 727667 },
    { url = "https://files.pythonhosted.org/packages/94/42/cf84ac7b60713af568ffaa8774eb41650e49ba3c0906107f9a889cf86d40/pynng-0.8.1-cp312-cp312-manylinux_2_17_x86_64.manylinux2014_x86_64.whl", hash = "sha256:915f4f8c39684dcf6028548110f647c44a517163db5f89ceeb0c17b9c3a37205", size = 938203 },
    { url = "https://files.pythonhosted.org/packages/41/2e/2196c9c3d8ad1af35faf942482fbfc1156898b0945e8412a33d3cfcbfbe8/pynng-0.8.1-cp312-cp312-musllinux_1_2_i686.whl", hash = "sha256:ead5f360a956bc7ccbe3b20701346cecf7d1098b8ad77b6979fd7c055b9226f1", size = 736244 },
    { url = "https://files.pythonhosted.org/packages/9b/eb/347e5626e3174992b4b4cf8ff3f7fe965a2e7c7703bf2765db828970f895/pynng-0.8.1-cp312-cp312-musllinux_1_2_x86_64.whl", hash = "sha256:6d8237ed1c49823695ea3e6ef2e521370426b67f2010850e1b6c66c52aa1f067", size = 941519 },
    { url = "https://files.pythonhosted.org/packages/9e/67/e1027872acbdd755994d9cdf3195a6329ce2a141943fbae0e9687c533a59/pynng-0.8.1-cp312-cp312-win32.whl", hash = "sha256:78fe08a000b6c7200c1ad0d6a26491c1ba5c9493975e218af0963b9ca03e5a7a", size = 370576 },
    { url = "https://files.pythonhosted.org/packages/4b/19/bd014dfc7cdaacdba15c61a591dc12e7d5307006013f8ceb949bed6d3c48/pynng-0.8.1-cp312-cp312-win_amd64.whl", hash = "sha256:117552188abe448a467feedcc68f03f2d386e596c0e44a0849c05fca72d40d3f", size = 450454 },
    { url = "https://files.pythonhosted.org/packages/0d/fd/b6b43259bf87c7640824310c930761ea814eb4b726f2814ef847ad80d96d/pynng-0.8.1-cp313-cp313-macosx_10_13_universal2.whl", hash = "sha256:e1013dc1773e8a4cee633a8516977d59c17711b56b0df9d6c174d8ac722b19d9", size = 1089913 },
    { url = "https://files.pythonhosted.org/packages/44/71/134faf3a6689898167c0b8a55b8a55069521bc79ae6eed1657b075545481/pynng-0.8.1-cp313-cp313-manylinux_2_17_i686.manylinux2014_i686.whl", hash = "sha256:0a89b5d3f9801913a22c85cf320efdffc1a2eda925939a0e1a6edc0e194eab27", size = 727669 },
    { url = "https://files.pythonhosted.org/packages/72/3d/2d77349fa87671d31c5c57ea44365311338b0a8d984e8b095add62f18fda/pynng-0.8.1-cp313-cp313-manylinux_2_17_x86_64.manylinux2014_x86_64.whl", hash = "sha256:b2f0a7fdd96c99eaf1a1fce755a6eb39e0ca1cf46cf81c01abe593adabc53b45", size = 938072 },
    { url = "https://files.pythonhosted.org/packages/04/91/580382d32fe90dd3cc0310358d449991070091b78a8f97df3f8e4b3d5fee/pynng-0.8.1-cp313-cp313-musllinux_1_2_i686.whl", hash = "sha256:88cbda575215e854a241ae837aac613e88d197b0489ef61f4a42f2e9dd793f01", size = 736250 },
    { url = "https://files.pythonhosted.org/packages/b6/db/9bf6a8158187aa344c306c6037ff20d134132d83596dcbb8537faaad610d/pynng-0.8.1-cp313-cp313-musllinux_1_2_x86_64.whl", hash = "sha256:3f635d6361f9ad81d16ba794a5a9b3aa47ed92a7709b88396523676cb6bddb1f", size = 941514 },
    { url = "https://files.pythonhosted.org/packages/26/f3/9a7676e3d115834a5acf674590bb32e61f9caa5b8f0971628fc562670d35/pynng-0.8.1-cp313-cp313-win32.whl", hash = "sha256:6d5c51249ca221f0c4e27b13269a230b19fc5e10a60cbfa7a8109995b22e861e", size = 370575 },
    { url = "https://files.pythonhosted.org/packages/ff/0e/11d76f7aeb733e966024eb6b6adf73280d2c600f8fa8bdb6ea34d33e9a19/pynng-0.8.1-cp313-cp313-win_amd64.whl", hash = "sha256:1f9c52bca0d063843178d6f43a302e0e2d6fbe20272de5b3c37f4873c3d55a42", size = 450453 },
]

[[package]]
name = "sniffio"
version = "1.3.1"
source = { registry = "https://pypi.org/simple" }
sdist = { url = "https://files.pythonhosted.org/packages/a2/87/a6771e1546d97e7e041b6ae58d80074f81b7d5121207425c964ddf5cfdbd/sniffio-1.3.1.tar.gz", hash = "sha256:f4324edc670a0f49750a81b895f35c3adb843cca46f0530f79fc1babb23789dc", size = 20372 }
wheels = [
    { url = "https://files.pythonhosted.org/packages/e9/44/75a9c9421471a6c4805dbf2356f7c181a29c1879239abab1ea2cc8f38b40/sniffio-1.3.1-py3-none-any.whl", hash = "sha256:2f6da418d1f1e0fddd844478f41680e794e6051915791a034ff65e5f100525a2", size = 10235 },
]
